
Microsoft Visual Studio Solution File, Format Version 12.00
# Visual Studio Version 16
VisualStudioVersion = 16.0.30406.217
MinimumVisualStudioVersion = 10.0.40219.1
Project("{FAE04EC0-301F-11D3-BF4B-00C04F79EFBC}") = "NUnitTest-2", "NUnitTest-2\NUnitTest-2.csproj", "{633FAEDC-BF2B-415C-8401-6FF3AB839C3A}"
EndProject
Global
	GlobalSection(SolutionConfigurationPlatforms) = preSolution
		Debug|Any CPU = Debug|Any CPU
		Release|Any CPU = Release|Any CPU
	EndGlobalSection
	GlobalSection(ProjectConfigurationPlatforms) = postSolution
		{633FAEDC-BF2B-415C-8401-6FF3AB839C3A}.Debug|Any CPU.ActiveCfg = Debug|Any CPU
		{633FAEDC-BF2B-415C-8401-6FF3AB839C3A}.Debug|Any CPU.Build.0 = Debug|Any CPU
		{633FAEDC-BF2B-415C-8401-6FF3AB839C3A}.Release|Any CPU.ActiveCfg = Release|Any CPU
		{633FAEDC-BF2B-415C-8401-6FF3AB839C3A}.Release|Any CPU.Build.0 = Release|Any CPU
	EndGlobalSection
	GlobalSection(SolutionProperties) = preSolution
		HideSolutionNode = FALSE
	EndGlobalSection
	GlobalSection(ExtensibilityGlobals) = postSolution
		SolutionGuid = {060984D2-4A09-41C9-A569-8FAF70029577}
	EndGlobalSection
EndGlobal
